// !$*UTF8*$!
{
	archiveVersion = 1;
	classes = {
	};
	objectVersion = 56;
	objects = {

/* Begin PBXBuildFile section */
		140B0FB82911851000DCA1A4 /* AppDelegate.swift in Sources */ = {isa = PBXBuildFile; fileRef = 140B0FB72911851000DCA1A4 /* AppDelegate.swift */; };
		140B0FBA2911851000DCA1A4 /* SceneDelegate.swift in Sources */ = {isa = PBXBuildFile; fileRef = 140B0FB92911851000DCA1A4 /* SceneDelegate.swift */; };
		140B0FBC2911851000DCA1A4 /* ViewController.swift in Sources */ = {isa = PBXBuildFile; fileRef = 140B0FBB2911851000DCA1A4 /* ViewController.swift */; };
		140B0FBF2911851000DCA1A4 /* Main.storyboard in Resources */ = {isa = PBXBuildFile; fileRef = 140B0FBD2911851000DCA1A4 /* Main.storyboard */; };
		140B0FC12911851100DCA1A4 /* Assets.xcassets in Resources */ = {isa = PBXBuildFile; fileRef = 140B0FC02911851100DCA1A4 /* Assets.xcassets */; };
		140B0FC42911851100DCA1A4 /* LaunchScreen.storyboard in Resources */ = {isa = PBXBuildFile; fileRef = 140B0FC22911851100DCA1A4 /* LaunchScreen.storyboard */; };
		140B0FCF2911851100DCA1A4 /* MVVM_TextFieldTests.swift in Sources */ = {isa = PBXBuildFile; fileRef = 140B0FCE2911851100DCA1A4 /* MVVM_TextFieldTests.swift */; };
		140B0FD92911851100DCA1A4 /* MVVM_TextFieldUITests.swift in Sources */ = {isa = PBXBuildFile; fileRef = 140B0FD82911851100DCA1A4 /* MVVM_TextFieldUITests.swift */; };
		140B0FDB2911851100DCA1A4 /* MVVM_TextFieldUITestsLaunchTests.swift in Sources */ = {isa = PBXBuildFile; fileRef = 140B0FDA2911851100DCA1A4 /* MVVM_TextFieldUITestsLaunchTests.swift */; };
		140B0FE9291185EE00DCA1A4 /* SnapKit in Frameworks */ = {isa = PBXBuildFile; productRef = 140B0FE8291185EE00DCA1A4 /* SnapKit */; };
		140B0FEB2911884500DCA1A4 /* textFieldViewModel.swift in Sources */ = {isa = PBXBuildFile; fileRef = 140B0FEA2911884500DCA1A4 /* textFieldViewModel.swift */; };
		140B0FED2911889600DCA1A4 /* Observable.swift in Sources */ = {isa = PBXBuildFile; fileRef = 140B0FEC2911889600DCA1A4 /* Observable.swift */; };
/* End PBXBuildFile section */

/* Begin PBXContainerItemProxy section */
		140B0FCB2911851100DCA1A4 /* PBXContainerItemProxy */ = {
			isa = PBXContainerItemProxy;
			containerPortal = 140B0FAC2911851000DCA1A4 /* Project object */;
			proxyType = 1;
			remoteGlobalIDString = 140B0FB32911851000DCA1A4;
			remoteInfo = MVVM_TextField;
		};
		140B0FD52911851100DCA1A4 /* PBXContainerItemProxy */ = {
			isa = PBXContainerItemProxy;
			containerPortal = 140B0FAC2911851000DCA1A4 /* Project object */;
			proxyType = 1;
			remoteGlobalIDString = 140B0FB32911851000DCA1A4;
			remoteInfo = MVVM_TextField;
		};
/* End PBXContainerItemProxy section */

/* Begin PBXFileReference section */
		140B0FB42911851000DCA1A4 /* MVVM_TextField.app */ = {isa = PBXFileReference; explicitFileType = wrapper.application; includeInIndex = 0; path = MVVM_TextField.app; sourceTree = BUILT_PRODUCTS_DIR; };
		140B0FB72911851000DCA1A4 /* AppDelegate.swift */ = {isa = PBXFileReference; lastKnownFileType = sourcecode.swift; path = AppDelegate.swift; sourceTree = "<group>"; };
		140B0FB92911851000DCA1A4 /* SceneDelegate.swift */ = {isa = PBXFileReference; lastKnownFileType = sourcecode.swift; path = SceneDelegate.swift; sourceTree = "<group>"; };
		140B0FBB2911851000DCA1A4 /* ViewController.swift */ = {isa = PBXFileReference; lastKnownFileType = sourcecode.swift; path = ViewController.swift; sourceTree = "<group>"; };
		140B0FBE2911851000DCA1A4 /* Base */ = {isa = PBXFileReference; lastKnownFileType = file.storyboard; name = Base; path = Base.lproj/Main.storyboard; sourceTree = "<group>"; };
		140B0FC02911851100DCA1A4 /* Assets.xcassets */ = {isa = PBXFileReference; lastKnownFileType = folder.assetcatalog; path = Assets.xcassets; sourceTree = "<group>"; };
		140B0FC32911851100DCA1A4 /* Base */ = {isa = PBXFileReference; lastKnownFileType = file.storyboard; name = Base; path = Base.lproj/LaunchScreen.storyboard; sourceTree = "<group>"; };
		140B0FC52911851100DCA1A4 /* Info.plist */ = {isa = PBXFileReference; lastKnownFileType = text.plist.xml; path = Info.plist; sourceTree = "<group>"; };
		140B0FCA2911851100DCA1A4 /* MVVM_TextFieldTests.xctest */ = {isa = PBXFileReference; explicitFileType = wrapper.cfbundle; includeInIndex = 0; path = MVVM_TextFieldTests.xctest; sourceTree = BUILT_PRODUCTS_DIR; };
		140B0FCE2911851100DCA1A4 /* MVVM_TextFieldTests.swift */ = {isa = PBXFileReference; lastKnownFileType = sourcecode.swift; path = MVVM_TextFieldTests.swift; sourceTree = "<group>"; };
		140B0FD42911851100DCA1A4 /* MVVM_TextFieldUITests.xctest */ = {isa = PBXFileReference; explicitFileType = wrapper.cfbundle; includeInIndex = 0; path = MVVM_TextFieldUITests.xctest; sourceTree = BUILT_PRODUCTS_DIR; };
		140B0FD82911851100DCA1A4 /* MVVM_TextFieldUITests.swift */ = {isa = PBXFileReference; lastKnownFileType = sourcecode.swift; path = MVVM_TextFieldUITests.swift; sourceTree = "<group>"; };
		140B0FDA2911851100DCA1A4 /* MVVM_TextFieldUITestsLaunchTests.swift */ = {isa = PBXFileReference; lastKnownFileType = sourcecode.swift; path = MVVM_TextFieldUITestsLaunchTests.swift; sourceTree = "<group>"; };
		140B0FEA2911884500DCA1A4 /* textFieldViewModel.swift */ = {isa = PBXFileReference; lastKnownFileType = sourcecode.swift; path = textFieldViewModel.swift; sourceTree = "<group>"; };
		140B0FEC2911889600DCA1A4 /* Observable.swift */ = {isa = PBXFileReference; lastKnownFileType = sourcecode.swift; path = Observable.swift; sourceTree = "<group>"; };
/* End PBXFileReference section */

/* Begin PBXFrameworksBuildPhase section */
		140B0FB12911851000DCA1A4 /* Frameworks */ = {
			isa = PBXFrameworksBuildPhase;
			buildActionMask = 2147483647;
			files = (
				140B0FE9291185EE00DCA1A4 /* SnapKit in Frameworks */,
			);
			runOnlyForDeploymentPostprocessing = 0;
		};
		140B0FC72911851100DCA1A4 /* Frameworks */ = {
			isa = PBXFrameworksBuildPhase;
			buildActionMask = 2147483647;
			files = (
			);
			runOnlyForDeploymentPostprocessing = 0;
		};
		140B0FD12911851100DCA1A4 /* Frameworks */ = {
			isa = PBXFrameworksBuildPhase;
			buildActionMask = 2147483647;
			files = (
			);
			runOnlyForDeploymentPostprocessing = 0;
		};
/* End PBXFrameworksBuildPhase section */

/* Begin PBXGroup section */
		140B0FAB2911851000DCA1A4 = {
			isa = PBXGroup;
			children = (
				140B0FB62911851000DCA1A4 /* MVVM_TextField */,
				140B0FCD2911851100DCA1A4 /* MVVM_TextFieldTests */,
				140B0FD72911851100DCA1A4 /* MVVM_TextFieldUITests */,
				140B0FB52911851000DCA1A4 /* Products */,
			);
			sourceTree = "<group>";
		};
		140B0FB52911851000DCA1A4 /* Products */ = {
			isa = PBXGroup;
			children = (
				140B0FB42911851000DCA1A4 /* MVVM_TextField.app */,
				140B0FCA2911851100DCA1A4 /* MVVM_TextFieldTests.xctest */,
				140B0FD42911851100DCA1A4 /* MVVM_TextFieldUITests.xctest */,
			);
			name = Products;
			sourceTree = "<group>";
		};
		140B0FB62911851000DCA1A4 /* MVVM_TextField */ = {
			isa = PBXGroup;
			children = (
				140B0FB72911851000DCA1A4 /* AppDelegate.swift */,
				140B0FB92911851000DCA1A4 /* SceneDelegate.swift */,
				140B0FBB2911851000DCA1A4 /* ViewController.swift */,
				140B0FEA2911884500DCA1A4 /* textFieldViewModel.swift */,
				140B0FEC2911889600DCA1A4 /* Observable.swift */,
				140B0FBD2911851000DCA1A4 /* Main.storyboard */,
				140B0FC02911851100DCA1A4 /* Assets.xcassets */,
				140B0FC22911851100DCA1A4 /* LaunchScreen.storyboard */,
				140B0FC52911851100DCA1A4 /* Info.plist */,
			);
			path = MVVM_TextField;
			sourceTree = "<group>";
		};
		140B0FCD2911851100DCA1A4 /* MVVM_TextFieldTests */ = {
			isa = PBXGroup;
			children = (
				140B0FCE2911851100DCA1A4 /* MVVM_TextFieldTests.swift */,
			);
			path = MVVM_TextFieldTests;
			sourceTree = "<group>";
		};
		140B0FD72911851100DCA1A4 /* MVVM_TextFieldUITests */ = {
			isa = PBXGroup;
			children = (
				140B0FD82911851100DCA1A4 /* MVVM_TextFieldUITests.swift */,
				140B0FDA2911851100DCA1A4 /* MVVM_TextFieldUITestsLaunchTests.swift */,
			);
			path = MVVM_TextFieldUITests;
			sourceTree = "<group>";
		};
/* End PBXGroup section */

/* Begin PBXNativeTarget section */
		140B0FB32911851000DCA1A4 /* MVVM_TextField */ = {
			isa = PBXNativeTarget;
			buildConfigurationList = 140B0FDE2911851100DCA1A4 /* Build configuration list for PBXNativeTarget "MVVM_TextField" */;
			buildPhases = (
				140B0FB02911851000DCA1A4 /* Sources */,
				140B0FB12911851000DCA1A4 /* Frameworks */,
				140B0FB22911851000DCA1A4 /* Resources */,
			);
			buildRules = (
			);
			dependencies = (
			);
			name = MVVM_TextField;
			packageProductDependencies = (
				140B0FE8291185EE00DCA1A4 /* SnapKit */,
			);
			productName = MVVM_TextField;
			productReference = 140B0FB42911851000DCA1A4 /* MVVM_TextField.app */;
			productType = "com.apple.product-type.application";
		};
		140B0FC92911851100DCA1A4 /* MVVM_TextFieldTests */ = {
			isa = PBXNativeTarget;
			buildConfigurationList = 140B0FE12911851100DCA1A4 /* Build configuration list for PBXNativeTarget "MVVM_TextFieldTests" */;
			buildPhases = (
				140B0FC62911851100DCA1A4 /* Sources */,
				140B0FC72911851100DCA1A4 /* Frameworks */,
				140B0FC82911851100DCA1A4 /* Resources */,
			);
			buildRules = (
			);
			dependencies = (
				140B0FCC2911851100DCA1A4 /* PBXTargetDependency */,
			);
			name = MVVM_TextFieldTests;
			productName = MVVM_TextFieldTests;
			productReference = 140B0FCA2911851100DCA1A4 /* MVVM_TextFieldTests.xctest */;
			productType = "com.apple.product-type.bundle.unit-test";
		};
		140B0FD32911851100DCA1A4 /* MVVM_TextFieldUITests */ = {
			isa = PBXNativeTarget;
			buildConfigurationList = 140B0FE42911851100DCA1A4 /* Build configuration list for PBXNativeTarget "MVVM_TextFieldUITests" */;
			buildPhases = (
				140B0FD02911851100DCA1A4 /* Sources */,
				140B0FD12911851100DCA1A4 /* Frameworks */,
				140B0FD22911851100DCA1A4 /* Resources */,
			);
			buildRules = (
			);
			dependencies = (
				140B0FD62911851100DCA1A4 /* PBXTargetDependency */,
			);
			name = MVVM_TextFieldUITests;
			productName = MVVM_TextFieldUITests;
			productReference = 140B0FD42911851100DCA1A4 /* MVVM_TextFieldUITests.xctest */;
			productType = "com.apple.product-type.bundle.ui-testing";
		};
/* End PBXNativeTarget section */

/* Begin PBXProject section */
		140B0FAC2911851000DCA1A4 /* Project object */ = {
			isa = PBXProject;
			attributes = {
				BuildIndependentTargetsInParallel = 1;
				LastSwiftUpdateCheck = 1400;
				LastUpgradeCheck = 1400;
				TargetAttributes = {
					140B0FB32911851000DCA1A4 = {
						CreatedOnToolsVersion = 14.0.1;
					};
					140B0FC92911851100DCA1A4 = {
						CreatedOnToolsVersion = 14.0.1;
						TestTargetID = 140B0FB32911851000DCA1A4;
					};
					140B0FD32911851100DCA1A4 = {
						CreatedOnToolsVersion = 14.0.1;
						TestTargetID = 140B0FB32911851000DCA1A4;
					};
				};
			};
			buildConfigurationList = 140B0FAF2911851000DCA1A4 /* Build configuration list for PBXProject "MVVM_TextField" */;
			compatibilityVersion = "Xcode 14.0";
			developmentRegion = en;
			hasScannedForEncodings = 0;
			knownRegions = (
				en,
				Base,
			);
			mainGroup = 140B0FAB2911851000DCA1A4;
			packageReferences = (
				140B0FE7291185EE00DCA1A4 /* XCRemoteSwiftPackageReference "SnapKit" */,
			);
			productRefGroup = 140B0FB52911851000DCA1A4 /* Products */;
			projectDirPath = "";
			projectRoot = "";
			targets = (
				140B0FB32911851000DCA1A4 /* MVVM_TextField */,
				140B0FC92911851100DCA1A4 /* MVVM_TextFieldTests */,
				140B0FD32911851100DCA1A4 /* MVVM_TextFieldUITests */,
			);
		};
/* End PBXProject section */

/* Begin PBXResourcesBuildPhase section */
		140B0FB22911851000DCA1A4 /* Resources */ = {
			isa = PBXResourcesBuildPhase;
			buildActionMask = 2147483647;
			files = (
				140B0FC42911851100DCA1A4 /* LaunchScreen.storyboard in Resources */,
				140B0FC12911851100DCA1A4 /* Assets.xcassets in Resources */,
				140B0FBF2911851000DCA1A4 /* Main.storyboard in Resources */,
			);
			runOnlyForDeploymentPostprocessing = 0;
		};
		140B0FC82911851100DCA1A4 /* Resources */ = {
			isa = PBXResourcesBuildPhase;
			buildActionMask = 2147483647;
			files = (
			);
			runOnlyForDeploymentPostprocessing = 0;
		};
		140B0FD22911851100DCA1A4 /* Resources */ = {
			isa = PBXResourcesBuildPhase;
			buildActionMask = 2147483647;
			files = (
			);
			runOnlyForDeploymentPostprocessing = 0;
		};
/* End PBXResourcesBuildPhase section */

/* Begin PBXSourcesBuildPhase section */
		140B0FB02911851000DCA1A4 /* Sources */ = {
			isa = PBXSourcesBuildPhase;
			buildActionMask = 2147483647;
			files = (
				140B0FEB2911884500DCA1A4 /* textFieldViewModel.swift in Sources */,
				140B0FED2911889600DCA1A4 /* Observable.swift in Sources */,
				140B0FBC2911851000DCA1A4 /* ViewController.swift in Sources */,
				140B0FB82911851000DCA1A4 /* AppDelegate.swift in Sources */,
				140B0FBA2911851000DCA1A4 /* SceneDelegate.swift in Sources */,
			);
			runOnlyForDeploymentPostprocessing = 0;
		};
		140B0FC62911851100DCA1A4 /* Sources */ = {
			isa = PBXSourcesBuildPhase;
			buildActionMask = 2147483647;
			files = (
				140B0FCF2911851100DCA1A4 /* MVVM_TextFieldTests.swift in Sources */,
			);
			runOnlyForDeploymentPostprocessing = 0;
		};
		140B0FD02911851100DCA1A4 /* Sources */ = {
			isa = PBXSourcesBuildPhase;
			buildActionMask = 2147483647;
			files = (
				140B0FDB2911851100DCA1A4 /* MVVM_TextFieldUITestsLaunchTests.swift in Sources */,
				140B0FD92911851100DCA1A4 /* MVVM_TextFieldUITests.swift in Sources */,
			);
			runOnlyForDeploymentPostprocessing = 0;
		};
/* End PBXSourcesBuildPhase section */

/* Begin PBXTargetDependency section */
		140B0FCC2911851100DCA1A4 /* PBXTargetDependency */ = {
			isa = PBXTargetDependency;
			target = 140B0FB32911851000DCA1A4 /* MVVM_TextField */;
			targetProxy = 140B0FCB2911851100DCA1A4 /* PBXContainerItemProxy */;
		};
		140B0FD62911851100DCA1A4 /* PBXTargetDependency */ = {
			isa = PBXTargetDependency;
			target = 140B0FB32911851000DCA1A4 /* MVVM_TextField */;
			targetProxy = 140B0FD52911851100DCA1A4 /* PBXContainerItemProxy */;
		};
/* End PBXTargetDependency section */

/* Begin PBXVariantGroup section */
		140B0FBD2911851000DCA1A4 /* Main.storyboard */ = {
			isa = PBXVariantGroup;
			children = (
				140B0FBE2911851000DCA1A4 /* Base */,
			);
			name = Main.storyboard;
			sourceTree = "<group>";
		};
		140B0FC22911851100DCA1A4 /* LaunchScreen.storyboard */ = {
			isa = PBXVariantGroup;
			children = (
				140B0FC32911851100DCA1A4 /* Base */,
			);
			name = LaunchScreen.storyboard;
			sourceTree = "<group>";
		};
/* End PBXVariantGroup section */

/* Begin XCBuildConfiguration section */
		140B0FDC2911851100DCA1A4 /* Debug */ = {
			isa = XCBuildConfiguration;
			buildSettings = {
				ALWAYS_SEARCH_USER_PATHS = NO;
				CLANG_ANALYZER_NONNULL = YES;
				CLANG_ANALYZER_NUMBER_OBJECT_CONVERSION = YES_AGGRESSIVE;
				CLANG_CXX_LANGUAGE_STANDARD = "gnu++20";
				CLANG_ENABLE_MODULES = YES;
				CLANG_ENABLE_OBJC_ARC = YES;
				CLANG_ENABLE_OBJC_WEAK = YES;
				CLANG_WARN_BLOCK_CAPTURE_AUTORELEASING = YES;
				CLANG_WARN_BOOL_CONVERSION = YES;
				CLANG_WARN_COMMA = YES;
				CLANG_WARN_CONSTANT_CONVERSION = YES;
				CLANG_WARN_DEPRECATED_OBJC_IMPLEMENTATIONS = YES;
				CLANG_WARN_DIRECT_OBJC_ISA_USAGE = YES_ERROR;
				CLANG_WARN_DOCUMENTATION_COMMENTS = YES;
				CLANG_WARN_EMPTY_BODY = YES;
				CLANG_WARN_ENUM_CONVERSION = YES;
				CLANG_WARN_INFINITE_RECURSION = YES;
				CLANG_WARN_INT_CONVERSION = YES;
				CLANG_WARN_NON_LITERAL_NULL_CONVERSION = YES;
				CLANG_WARN_OBJC_IMPLICIT_RETAIN_SELF = YES;
				CLANG_WARN_OBJC_LITERAL_CONVERSION = YES;
				CLANG_WARN_OBJC_ROOT_CLASS = YES_ERROR;
				CLANG_WARN_QUOTED_INCLUDE_IN_FRAMEWORK_HEADER = YES;
				CLANG_WARN_RANGE_LOOP_ANALYSIS = YES;
				CLANG_WARN_STRICT_PROTOTYPES = YES;
				CLANG_WARN_SUSPICIOUS_MOVE = YES;
				CLANG_WARN_UNGUARDED_AVAILABILITY = YES_AGGRESSIVE;
				CLANG_WARN_UNREACHABLE_CODE = YES;
				CLANG_WARN__DUPLICATE_METHOD_MATCH = YES;
				COPY_PHASE_STRIP = NO;
				DEBUG_INFORMATION_FORMAT = dwarf;
				ENABLE_STRICT_OBJC_MSGSEND = YES;
				ENABLE_TESTABILITY = YES;
				GCC_C_LANGUAGE_STANDARD = gnu11;
				GCC_DYNAMIC_NO_PIC = NO;
				GCC_NO_COMMON_BLOCKS = YES;
				GCC_OPTIMIZATION_LEVEL = 0;
				GCC_PREPROCESSOR_DEFINITIONS = (
					"DEBUG=1",
					"$(inherited)",
				);
				GCC_WARN_64_TO_32_BIT_CONVERSION = YES;
				GCC_WARN_ABOUT_RETURN_TYPE = YES_ERROR;
				GCC_WARN_UNDECLARED_SELECTOR = YES;
				GCC_WARN_UNINITIALIZED_AUTOS = YES_AGGRESSIVE;
				GCC_WARN_UNUSED_FUNCTION = YES;
				GCC_WARN_UNUSED_VARIABLE = YES;
				IPHONEOS_DEPLOYMENT_TARGET = 16.0;
				MTL_ENABLE_DEBUG_INFO = INCLUDE_SOURCE;
				MTL_FAST_MATH = YES;
				ONLY_ACTIVE_ARCH = YES;
				SDKROOT = iphoneos;
				SWIFT_ACTIVE_COMPILATION_CONDITIONS = DEBUG;
				SWIFT_OPTIMIZATION_LEVEL = "-Onone";
			};
			name = Debug;
		};
		140B0FDD2911851100DCA1A4 /* Release */ = {
			isa = XCBuildConfiguration;
			buildSettings = {
				ALWAYS_SEARCH_USER_PATHS = NO;
				CLANG_ANALYZER_NONNULL = YES;
				CLANG_ANALYZER_NUMBER_OBJECT_CONVERSION = YES_AGGRESSIVE;
				CLANG_CXX_LANGUAGE_STANDARD = "gnu++20";
				CLANG_ENABLE_MODULES = YES;
				CLANG_ENABLE_OBJC_ARC = YES;
				CLANG_ENABLE_OBJC_WEAK = YES;
				CLANG_WARN_BLOCK_CAPTURE_AUTORELEASING = YES;
				CLANG_WARN_BOOL_CONVERSION = YES;
				CLANG_WARN_COMMA = YES;
				CLANG_WARN_CONSTANT_CONVERSION = YES;
				CLANG_WARN_DEPRECATED_OBJC_IMPLEMENTATIONS = YES;
				CLANG_WARN_DIRECT_OBJC_ISA_USAGE = YES_ERROR;
				CLANG_WARN_DOCUMENTATION_COMMENTS = YES;
				CLANG_WARN_EMPTY_BODY = YES;
				CLANG_WARN_ENUM_CONVERSION = YES;
				CLANG_WARN_INFINITE_RECURSION = YES;
				CLANG_WARN_INT_CONVERSION = YES;
				CLANG_WARN_NON_LITERAL_NULL_CONVERSION = YES;
				CLANG_WARN_OBJC_IMPLICIT_RETAIN_SELF = YES;
				CLANG_WARN_OBJC_LITERAL_CONVERSION = YES;
				CLANG_WARN_OBJC_ROOT_CLASS = YES_ERROR;
				CLANG_WARN_QUOTED_INCLUDE_IN_FRAMEWORK_HEADER = YES;
				CLANG_WARN_RANGE_LOOP_ANALYSIS = YES;
				CLANG_WARN_STRICT_PROTOTYPES = YES;
				CLANG_WARN_SUSPICIOUS_MOVE = YES;
				CLANG_WARN_UNGUARDED_AVAILABILITY = YES_AGGRESSIVE;
				CLANG_WARN_UNREACHABLE_CODE = YES;
				CLANG_WARN__DUPLICATE_METHOD_MATCH = YES;
				COPY_PHASE_STRIP = NO;
				DEBUG_INFORMATION_FORMAT = "dwarf-with-dsym";
				ENABLE_NS_ASSERTIONS = NO;
				ENABLE_STRICT_OBJC_MSGSEND = YES;
				GCC_C_LANGUAGE_STANDARD = gnu11;
				GCC_NO_COMMON_BLOCKS = YES;
				GCC_WARN_64_TO_32_BIT_CONVERSION = YES;
				GCC_WARN_ABOUT_RETURN_TYPE = YES_ERROR;
				GCC_WARN_UNDECLARED_SELECTOR = YES;
				GCC_WARN_UNINITIALIZED_AUTOS = YES_AGGRESSIVE;
				GCC_WARN_UNUSED_FUNCTION = YES;
				GCC_WARN_UNUSED_VARIABLE = YES;
				IPHONEOS_DEPLOYMENT_TARGET = 16.0;
				MTL_ENABLE_DEBUG_INFO = NO;
				MTL_FAST_MATH = YES;
				SDKROOT = iphoneos;
				SWIFT_COMPILATION_MODE = wholemodule;
				SWIFT_OPTIMIZATION_LEVEL = "-O";
				VALIDATE_PRODUCT = YES;
			};
			name = Release;
		};
		140B0FDF2911851100DCA1A4 /* Debug */ = {
			isa = XCBuildConfiguration;
			buildSettings = {
				ASSETCATALOG_COMPILER_APPICON_NAME = AppIcon;
				ASSETCATALOG_COMPILER_GLOBAL_ACCENT_COLOR_NAME = AccentColor;
				CODE_SIGN_STYLE = Automatic;
				CURRENT_PROJECT_VERSION = 1;
				DEVELOPMENT_TEAM = 7CR6X9MD8C;
				GENERATE_INFOPLIST_FILE = YES;
				INFOPLIST_FILE = MVVM_TextField/Info.plist;
				INFOPLIST_KEY_UIApplicationSupportsIndirectInputEvents = YES;
				INFOPLIST_KEY_UILaunchStoryboardName = LaunchScreen;
				INFOPLIST_KEY_UIMainStoryboardFile = Main;
				INFOPLIST_KEY_UISupportedInterfaceOrientations_iPad = "UIInterfaceOrientationPortrait UIInterfaceOrientationPortraitUpsideDown UIInterfaceOrientationLandscapeLeft UIInterfaceOrientationLandscapeRight";
				INFOPLIST_KEY_UISupportedInterfaceOrientations_iPhone = "UIInterfaceOrientationPortrait UIInterfaceOrientationLandscapeLeft UIInterfaceOrientationLandscapeRight";
				LD_RUNPATH_SEARCH_PATHS = (
					"$(inherited)",
					"@executable_path/Frameworks",
				);
				MARKETING_VERSION = 1.0;
				PRODUCT_BUNDLE_IDENTIFIER = "com.MVVM-TextField";
				PRODUCT_NAME = "$(TARGET_NAME)";
				SUPPORTED_PLATFORMS = "iphoneos iphonesimulator";
				SUPPORTS_MACCATALYST = NO;
				SUPPORTS_MAC_DESIGNED_FOR_IPHONE_IPAD = NO;
				SWIFT_EMIT_LOC_STRINGS = YES;
				SWIFT_VERSION = 5.0;
				TARGETED_DEVICE_FAMILY = 1;
			};
			name = Debug;
		};
		140B0FE02911851100DCA1A4 /* Release */ = {
			isa = XCBuildConfiguration;
			buildSettings = {
				ASSETCATALOG_COMPILER_APPICON_NAME = AppIcon;
				ASSETCATALOG_COMPILER_GLOBAL_ACCENT_COLOR_NAME = AccentColor;
				CODE_SIGN_STYLE = Automatic;
				CURRENT_PROJECT_VERSION = 1;
				DEVELOPMENT_TEAM = 7CR6X9MD8C;
				GENERATE_INFOPLIST_FILE = YES;
				INFOPLIST_FILE = MVVM_TextField/Info.plist;
				INFOPLIST_KEY_UIApplicationSupportsIndirectInputEvents = YES;
				INFOPLIST_KEY_UILaunchStoryboardName = LaunchScreen;
				INFOPLIST_KEY_UIMainStoryboardFile = Main;
				INFOPLIST_KEY_UISupportedInterfaceOrientations_iPad = "UIInterfaceOrientationPortrait UIInterfaceOrientationPortraitUpsideDown UIInterfaceOrientationLandscapeLeft UIInterfaceOrientationLandscapeRight";
				INFOPLIST_KEY_UISupportedInterfaceOrientations_iPhone = "UIInterfaceOrientationPortrait UIInterfaceOrientationLandscapeLeft UIInterfaceOrientationLandscapeRight";
				LD_RUNPATH_SEARCH_PATHS = (
					"$(inherited)",
					"@executable_path/Frameworks",
				);
				MARKETING_VERSION = 1.0;
				PRODUCT_BUNDLE_IDENTIFIER = "com.MVVM-TextField";
				PRODUCT_NAME = "$(TARGET_NAME)";
				SUPPORTED_PLATFORMS = "iphoneos iphonesimulator";
				SUPPORTS_MACCATALYST = NO;
				SUPPORTS_MAC_DESIGNED_FOR_IPHONE_IPAD = NO;
				SWIFT_EMIT_LOC_STRINGS = YES;
				SWIFT_VERSION = 5.0;
				TARGETED_DEVICE_FAMILY = 1;
			};
			name = Release;
		};
		140B0FE22911851100DCA1A4 /* Debug */ = {
			isa = XCBuildConfiguration;
			buildSettings = {
				ALWAYS_EMBED_SWIFT_STANDARD_LIBRARIES = YES;
				BUNDLE_LOADER = "$(TEST_HOST)";
				CODE_SIGN_STYLE = Automatic;
				CURRENT_PROJECT_VERSION = 1;
				DEVELOPMENT_TEAM = 7CR6X9MD8C;
				GENERATE_INFOPLIST_FILE = YES;
				IPHONEOS_DEPLOYMENT_TARGET = 16.0;
				MARKETING_VERSION = 1.0;
				PRODUCT_BUNDLE_IDENTIFIER = "com.MVVM-TextFieldTests";
				PRODUCT_NAME = "$(TARGET_NAME)";
				SWIFT_EMIT_LOC_STRINGS = NO;
				SWIFT_VERSION = 5.0;
				TARGETED_DEVICE_FAMILY = "1,2";
				TEST_HOST = "$(BUILT_PRODUCTS_DIR)/MVVM_TextField.app/$(BUNDLE_EXECUTABLE_FOLDER_PATH)/MVVM_TextField";
			};
			name = Debug;
		};
		140B0FE32911851100DCA1A4 /* Release */ = {
			isa = XCBuildConfiguration;
			buildSettings = {
				ALWAYS_EMBED_SWIFT_STANDARD_LIBRARIES = YES;
				BUNDLE_LOADER = "$(TEST_HOST)";
				CODE_SIGN_STYLE = Automatic;
				CURRENT_PROJECT_VERSION = 1;
				DEVELOPMENT_TEAM = 7CR6X9MD8C;
				GENERATE_INFOPLIST_FILE = YES;
				IPHONEOS_DEPLOYMENT_TARGET = 16.0;
				MARKETING_VERSION = 1.0;
				PRODUCT_BUNDLE_IDENTIFIER = "com.MVVM-TextFieldTests";
				PRODUCT_NAME = "$(TARGET_NAME)";
				SWIFT_EMIT_LOC_STRINGS = NO;
				SWIFT_VERSION = 5.0;
				TARGETED_DEVICE_FAMILY = "1,2";
				TEST_HOST = "$(BUILT_PRODUCTS_DIR)/MVVM_TextField.app/$(BUNDLE_EXECUTABLE_FOLDER_PATH)/MVVM_TextField";
			};
			name = Release;
		};
		140B0FE52911851100DCA1A4 /* Debug */ = {
			isa = XCBuildConfiguration;
			buildSettings = {
				ALWAYS_EMBED_SWIFT_STANDARD_LIBRARIES = YES;
				CODE_SIGN_STYLE = Automatic;
				CURRENT_PROJECT_VERSION = 1;
				DEVELOPMENT_TEAM = 7CR6X9MD8C;
				GENERATE_INFOPLIST_FILE = YES;
				MARKETING_VERSION = 1.0;
				PRODUCT_BUNDLE_IDENTIFIER = "com.MVVM-TextFieldUITests";
				PRODUCT_NAME = "$(TARGET_NAME)";
				SWIFT_EMIT_LOC_STRINGS = NO;
				SWIFT_VERSION = 5.0;
				TARGETED_DEVICE_FAMILY = "1,2";
				TEST_TARGET_NAME = MVVM_TextField;
			};
			name = Debug;
		};
		140B0FE62911851100DCA1A4 /* Release */ = {
			isa = XCBuildConfiguration;
			buildSettings = {
				ALWAYS_EMBED_SWIFT_STANDARD_LIBRARIES = YES;
				CODE_SIGN_STYLE = Automatic;
				CURRENT_PROJECT_VERSION = 1;
				DEVELOPMENT_TEAM = 7CR6X9MD8C;
				GENERATE_INFOPLIST_FILE = YES;
				MARKETING_VERSION = 1.0;
				PRODUCT_BUNDLE_IDENTIFIER = "com.MVVM-TextFieldUITests";
				PRODUCT_NAME = "$(TARGET_NAME)";
				SWIFT_EMIT_LOC_STRINGS = NO;
				SWIFT_VERSION = 5.0;
				TARGETED_DEVICE_FAMILY = "1,2";
				TEST_TARGET_NAME = MVVM_TextField;
			};
			name = Release;
		};
/* End XCBuildConfiguration section */

/* Begin XCConfigurationList section */
		140B0FAF2911851000DCA1A4 /* Build configuration list for PBXProject "MVVM_TextField" */ = {
			isa = XCConfigurationList;
			buildConfigurations = (
				140B0FDC2911851100DCA1A4 /* Debug */,
				140B0FDD2911851100DCA1A4 /* Release */,
			);
			defaultConfigurationIsVisible = 0;
			defaultConfigurationName = Release;
		};
		140B0FDE2911851100DCA1A4 /* Build configuration list for PBXNativeTarget "MVVM_TextField" */ = {
			isa = XCConfigurationList;
			buildConfigurations = (
				140B0FDF2911851100DCA1A4 /* Debug */,
				140B0FE02911851100DCA1A4 /* Release */,
			);
			defaultConfigurationIsVisible = 0;
			defaultConfigurationName = Release;
		};
		140B0FE12911851100DCA1A4 /* Build configuration list for PBXNativeTarget "MVVM_TextFieldTests" */ = {
			isa = XCConfigurationList;
			buildConfigurations = (
				140B0FE22911851100DCA1A4 /* Debug */,
				140B0FE32911851100DCA1A4 /* Release */,
			);
			defaultConfigurationIsVisible = 0;
			defaultConfigurationName = Release;
		};
		140B0FE42911851100DCA1A4 /* Build configuration list for PBXNativeTarget "MVVM_TextFieldUITests" */ = {
			isa = XCConfigurationList;
			buildConfigurations = (
				140B0FE52911851100DCA1A4 /* Debug */,
				140B0FE62911851100DCA1A4 /* Release */,
			);
			defaultConfigurationIsVisible = 0;
			defaultConfigurationName = Release;
		};
/* End XCConfigurationList section */

/* Begin XCRemoteSwiftPackageReference section */
		140B0FE7291185EE00DCA1A4 /* XCRemoteSwiftPackageReference "SnapKit" */ = {
			isa = XCRemoteSwiftPackageReference;
			repositoryURL = "https://github.com/SnapKit/SnapKit.git";
			requirement = {
				kind = upToNextMajorVersion;
				minimumVersion = 5.0.0;
			};
		};
/* End XCRemoteSwiftPackageReference section */

/* Begin XCSwiftPackageProductDependency section */
		140B0FE8291185EE00DCA1A4 /* SnapKit */ = {
			isa = XCSwiftPackageProductDependency;
			package = 140B0FE7291185EE00DCA1A4 /* XCRemoteSwiftPackageReference "SnapKit" */;
			productName = SnapKit;
		};
/* End XCSwiftPackageProductDependency section */
	};
	rootObject = 140B0FAC2911851000DCA1A4 /* Project object */;
}
